
Microsoft Visual Studio Solution File, Format Version 12.00
# Visual Studio 2013
VisualStudioVersion = 12.0.30501.0
MinimumVisualStudioVersion = 10.0.40219.1
Project("{8BC9CEB8-8B4A-11D0-8D11-00A0C91BC942}") = "8_27_easyx", "8_27_easyx\8_27_easyx.vcxproj", "{82C7F41D-12B7-4137-94FF-D2E665C30AFF}"
EndProject
Global
	GlobalSection(SolutionConfigurationPlatforms) = preSolution
		Debug|Win32 = Debug|Win32
		Release|Win32 = Release|Win32
	EndGlobalSection
	GlobalSection(ProjectConfigurationPlatforms) = postSolution
		{82C7F41D-12B7-4137-94FF-D2E665C30AFF}.Debug|Win32.ActiveCfg = Debug|Win32
		{82C7F41D-12B7-4137-94FF-D2E665C30AFF}.Debug|Win32.Build.0 = Debug|Win32
		{82C7F41D-12B7-4137-94FF-D2E665C30AFF}.Release|Win32.ActiveCfg = Release|Win32
		{82C7F41D-12B7-4137-94FF-D2E665C30AFF}.Release|Win32.Build.0 = Release|Win32
	EndGlobalSection
	GlobalSection(SolutionProperties) = preSolution
		HideSolutionNode = FALSE
	EndGlobalSection
EndGlobal
